// !$*UTF8*$!
{
	archiveVersion = 1;
	classes = {
	};
	objectVersion = 46;
	objects = {

/* Begin PBXBuildFile section */
		A8184EB52240BE6D00326988 /* SingleSectionTableViewPresentable.swift in Sources */ = {isa = PBXBuildFile; fileRef = A862E502224088D30047701B /* SingleSectionTableViewPresentable.swift */; };
		A8184EB62240BE6D00326988 /* TableViewBox+SingleSection.swift in Sources */ = {isa = PBXBuildFile; fileRef = A862E501224088D30047701B /* TableViewBox+SingleSection.swift */; };
		A8184EB72240BE8200326988 /* ManagedObjectProperty.swift in Sources */ = {isa = PBXBuildFile; fileRef = A8732A02223F94B300CD5C56 /* ManagedObjectProperty.swift */; };
		A8184EB82240BE8200326988 /* Operator.swift in Sources */ = {isa = PBXBuildFile; fileRef = A8732A03223F94B300CD5C56 /* Operator.swift */; };
		A8184EB92240BE8200326988 /* Predicate.swift in Sources */ = {isa = PBXBuildFile; fileRef = A8732A05223F94B300CD5C56 /* Predicate.swift */; };
		A8184EBA2240BE8200326988 /* Query.swift in Sources */ = {isa = PBXBuildFile; fileRef = A8732A04223F94B300CD5C56 /* Query.swift */; };
		A8184EC82240DAE300326988 /* TableViewBox.swift in Sources */ = {isa = PBXBuildFile; fileRef = A8184EC72240DAE300326988 /* TableViewBox.swift */; };
		A8184ECB2240ED2100326988 /* CollectionViewPresentable.swift in Sources */ = {isa = PBXBuildFile; fileRef = A8184ECA2240ED2100326988 /* CollectionViewPresentable.swift */; };
		A8184ECD2240EE3A00326988 /* CollectionViewBox.swift in Sources */ = {isa = PBXBuildFile; fileRef = A8184ECC2240EE3A00326988 /* CollectionViewBox.swift */; };
		A8184ED02240EE9D00326988 /* SingleSectionCollectionViewPresentable.swift in Sources */ = {isa = PBXBuildFile; fileRef = A8184ECF2240EE9D00326988 /* SingleSectionCollectionViewPresentable.swift */; };
		A8184ED22240EF5900326988 /* CollectionViewBox+SingleSection.swift in Sources */ = {isa = PBXBuildFile; fileRef = A8184ED12240EF5900326988 /* CollectionViewBox+SingleSection.swift */; };
		A8184ED42240F4E800326988 /* CollectionViewCellType.swift in Sources */ = {isa = PBXBuildFile; fileRef = A8184ED32240F4E800326988 /* CollectionViewCellType.swift */; };
		A8361CB81F396F6A00A71D22 /* YumeKitTests.swift in Sources */ = {isa = PBXBuildFile; fileRef = A8361CB71F396F6A00A71D22 /* YumeKitTests.swift */; };
		A8361CBA1F396F6A00A71D22 /* YumeKit.framework in Frameworks */ = {isa = PBXBuildFile; fileRef = A8E19C2D1E82488F000DE567 /* YumeKit.framework */; };
		A83699931E8251E400B6C006 /* NSFetchedResultsControllerExtension.swift in Sources */ = {isa = PBXBuildFile; fileRef = A836998C1E8251E400B6C006 /* NSFetchedResultsControllerExtension.swift */; };
		A83699941E8251E400B6C006 /* NSManagedObjectExtension.swift in Sources */ = {isa = PBXBuildFile; fileRef = A836998D1E8251E400B6C006 /* NSManagedObjectExtension.swift */; };
		A83699951E8251E400B6C006 /* NSPredicate+Extension.swift in Sources */ = {isa = PBXBuildFile; fileRef = A836998E1E8251E400B6C006 /* NSPredicate+Extension.swift */; };
		A83699961E8251E400B6C006 /* SuperCoreDataStack.swift in Sources */ = {isa = PBXBuildFile; fileRef = A836998F1E8251E400B6C006 /* SuperCoreDataStack.swift */; };
		A83699971E8251E400B6C006 /* SuperFetchedResultsControllerDelegate.swift in Sources */ = {isa = PBXBuildFile; fileRef = A83699901E8251E400B6C006 /* SuperFetchedResultsControllerDelegate.swift */; };
		A83699981E8251E400B6C006 /* SuperRecord_LICENSE in Resources */ = {isa = PBXBuildFile; fileRef = A83699911E8251E400B6C006 /* SuperRecord_LICENSE */; };
		A83699991E8251E400B6C006 /* FetchRequestExtension.swift in Sources */ = {isa = PBXBuildFile; fileRef = A83699921E8251E400B6C006 /* FetchRequestExtension.swift */; };
		A83699A41E82520F00B6C006 /* Regular.swift in Sources */ = {isa = PBXBuildFile; fileRef = A836999C1E82520F00B6C006 /* Regular.swift */; };
		A83699A51E82520F00B6C006 /* MessageQueue.swift in Sources */ = {isa = PBXBuildFile; fileRef = A836999D1E82520F00B6C006 /* MessageQueue.swift */; };
		A83699A71E82520F00B6C006 /* Binding.swift in Sources */ = {isa = PBXBuildFile; fileRef = A836999F1E82520F00B6C006 /* Binding.swift */; };
		A83699A81E82520F00B6C006 /* TimeMacro.swift in Sources */ = {isa = PBXBuildFile; fileRef = A83699A01E82520F00B6C006 /* TimeMacro.swift */; };
		A83699A91E82520F00B6C006 /* HtmlMacro.swift in Sources */ = {isa = PBXBuildFile; fileRef = A83699A11E82520F00B6C006 /* HtmlMacro.swift */; };
		A83699BE1E82760D00B6C006 /* VerticalLabel.swift in Sources */ = {isa = PBXBuildFile; fileRef = A83699BD1E82760D00B6C006 /* VerticalLabel.swift */; };
		A862E4FF224087550047701B /* TableViewBox+MultiSection.swift in Sources */ = {isa = PBXBuildFile; fileRef = A862E4FE224087550047701B /* TableViewBox+MultiSection.swift */; };
		A862E50422408A930047701B /* TableViewCellType.swift in Sources */ = {isa = PBXBuildFile; fileRef = A862E50322408A930047701B /* TableViewCellType.swift */; };
		A8732A0A223F959800CD5C56 /* Codable+Ex.swift in Sources */ = {isa = PBXBuildFile; fileRef = A8732A09223F959800CD5C56 /* Codable+Ex.swift */; };
		A8732A13223F960E00CD5C56 /* EventSendable.swift in Sources */ = {isa = PBXBuildFile; fileRef = A8732A11223F960E00CD5C56 /* EventSendable.swift */; };
		A8732A14223F960E00CD5C56 /* Statable.swift in Sources */ = {isa = PBXBuildFile; fileRef = A8732A12223F960E00CD5C56 /* Statable.swift */; };
		A8732A16223F962B00CD5C56 /* YumeTextField.swift in Sources */ = {isa = PBXBuildFile; fileRef = A8732A15223F962B00CD5C56 /* YumeTextField.swift */; };
		A8732A19223F980900CD5C56 /* DateFormatter+Ex.swift in Sources */ = {isa = PBXBuildFile; fileRef = A8732A18223F980900CD5C56 /* DateFormatter+Ex.swift */; };
		A8732A1C223F9AC400CD5C56 /* Notifiable.swift in Sources */ = {isa = PBXBuildFile; fileRef = A8732A1B223F9AC400CD5C56 /* Notifiable.swift */; };
		A8732A1E223F9D5600CD5C56 /* DictionaryExtension.swift in Sources */ = {isa = PBXBuildFile; fileRef = A8732A1D223F9D5600CD5C56 /* DictionaryExtension.swift */; };
		A8732A20223F9FD300CD5C56 /* Date+Ex.swift in Sources */ = {isa = PBXBuildFile; fileRef = A8732A1F223F9FD300CD5C56 /* Date+Ex.swift */; };
		A8732A22223FA09800CD5C56 /* Measure.swift in Sources */ = {isa = PBXBuildFile; fileRef = A8732A21223FA09800CD5C56 /* Measure.swift */; };
		A8732A2922407F2200CD5C56 /* Presentable.swift in Sources */ = {isa = PBXBuildFile; fileRef = A8732A2822407F2200CD5C56 /* Presentable.swift */; };
		A8732A2B22407F4700CD5C56 /* MultiSectionTableViewPresentable.swift in Sources */ = {isa = PBXBuildFile; fileRef = A8732A2A22407F4700CD5C56 /* MultiSectionTableViewPresentable.swift */; };
		A8732A322240860F00CD5C56 /* TableViewPresentable.swift in Sources */ = {isa = PBXBuildFile; fileRef = A8732A312240860F00CD5C56 /* TableViewPresentable.swift */; };
		A8756E361F317CFD00DC00EC /* YumeSerializable.swift in Sources */ = {isa = PBXBuildFile; fileRef = A8756E351F317CFD00DC00EC /* YumeSerializable.swift */; };
		A8756E3B1F31822500DC00EC /* DictionaryAble.swift in Sources */ = {isa = PBXBuildFile; fileRef = A8756E3A1F31822500DC00EC /* DictionaryAble.swift */; };
		A8756E3D1F31827900DC00EC /* Rest.swift in Sources */ = {isa = PBXBuildFile; fileRef = A8756E3C1F31827900DC00EC /* Rest.swift */; };
		A8756E3F1F3183B000DC00EC /* Monoid.swift in Sources */ = {isa = PBXBuildFile; fileRef = A8756E3E1F3183B000DC00EC /* Monoid.swift */; };
		A8756E411F3184DF00DC00EC /* ContinuingData.swift in Sources */ = {isa = PBXBuildFile; fileRef = A8756E401F3184DF00DC00EC /* ContinuingData.swift */; };
		A8E19C311E82488F000DE567 /* YumeKit.h in Headers */ = {isa = PBXBuildFile; fileRef = A8E19C2F1E82488F000DE567 /* YumeKit.h */; settings = {ATTRIBUTES = (Public, ); }; };
		A8E19C3D1E8249E1000DE567 /* NSExpressionDescriptionExtension.swift in Sources */ = {isa = PBXBuildFile; fileRef = A8E19C361E8249E1000DE567 /* NSExpressionDescriptionExtension.swift */; };
		A8E19C401E8249E1000DE567 /* StringExtension2.swift in Sources */ = {isa = PBXBuildFile; fileRef = A8E19C391E8249E1000DE567 /* StringExtension2.swift */; };
		A8E19C421E8249E1000DE567 /* UIExtension.swift in Sources */ = {isa = PBXBuildFile; fileRef = A8E19C3B1E8249E1000DE567 /* UIExtension.swift */; };
		A8E19C431E8249E1000DE567 /* UIImageExtension.swift in Sources */ = {isa = PBXBuildFile; fileRef = A8E19C3C1E8249E1000DE567 /* UIImageExtension.swift */; };
		A8EFB1CF224E0415007D8818 /* Insertable.swift in Sources */ = {isa = PBXBuildFile; fileRef = A8732A0D223F95D300CD5C56 /* Insertable.swift */; };
		A8EFB1D0224E0415007D8818 /* Reloadable.swift in Sources */ = {isa = PBXBuildFile; fileRef = A8732A0C223F95D200CD5C56 /* Reloadable.swift */; };
		A8EFB1D1224E0415007D8818 /* Removable.swift in Sources */ = {isa = PBXBuildFile; fileRef = A8732A0E223F95D300CD5C56 /* Removable.swift */; };
		A8EFB1D2224E0415007D8818 /* Selectable.swift in Sources */ = {isa = PBXBuildFile; fileRef = A8732A0F223F95D300CD5C56 /* Selectable.swift */; };
/* End PBXBuildFile section */

/* Begin PBXContainerItemProxy section */
		A8361CBB1F396F6A00A71D22 /* PBXContainerItemProxy */ = {
			isa = PBXContainerItemProxy;
			containerPortal = A8D3234D1E4817BD00EA3445 /* Project object */;
			proxyType = 1;
			remoteGlobalIDString = A8E19C2C1E82488F000DE567;
			remoteInfo = YumeKit;
		};
/* End PBXContainerItemProxy section */

/* Begin PBXFileReference section */
		A8184EC72240DAE300326988 /* TableViewBox.swift */ = {isa = PBXFileReference; lastKnownFileType = sourcecode.swift; path = TableViewBox.swift; sourceTree = "<group>"; };
		A8184ECA2240ED2100326988 /* CollectionViewPresentable.swift */ = {isa = PBXFileReference; lastKnownFileType = sourcecode.swift; path = CollectionViewPresentable.swift; sourceTree = "<group>"; };
		A8184ECC2240EE3A00326988 /* CollectionViewBox.swift */ = {isa = PBXFileReference; lastKnownFileType = sourcecode.swift; path = CollectionViewBox.swift; sourceTree = "<group>"; };
		A8184ECF2240EE9D00326988 /* SingleSectionCollectionViewPresentable.swift */ = {isa = PBXFileReference; lastKnownFileType = sourcecode.swift; path = SingleSectionCollectionViewPresentable.swift; sourceTree = "<group>"; };
		A8184ED12240EF5900326988 /* CollectionViewBox+SingleSection.swift */ = {isa = PBXFileReference; lastKnownFileType = sourcecode.swift; path = "CollectionViewBox+SingleSection.swift"; sourceTree = "<group>"; };
		A8184ED32240F4E800326988 /* CollectionViewCellType.swift */ = {isa = PBXFileReference; lastKnownFileType = sourcecode.swift; path = CollectionViewCellType.swift; sourceTree = "<group>"; };
		A8361CB51F396F6A00A71D22 /* YumeKitTests.xctest */ = {isa = PBXFileReference; explicitFileType = wrapper.cfbundle; includeInIndex = 0; path = YumeKitTests.xctest; sourceTree = BUILT_PRODUCTS_DIR; };
		A8361CB71F396F6A00A71D22 /* YumeKitTests.swift */ = {isa = PBXFileReference; lastKnownFileType = sourcecode.swift; path = YumeKitTests.swift; sourceTree = "<group>"; };
		A8361CB91F396F6A00A71D22 /* Info.plist */ = {isa = PBXFileReference; lastKnownFileType = text.plist.xml; path = Info.plist; sourceTree = "<group>"; };
		A836998C1E8251E400B6C006 /* NSFetchedResultsControllerExtension.swift */ = {isa = PBXFileReference; fileEncoding = 4; lastKnownFileType = sourcecode.swift; path = NSFetchedResultsControllerExtension.swift; sourceTree = "<group>"; };
		A836998D1E8251E400B6C006 /* NSManagedObjectExtension.swift */ = {isa = PBXFileReference; fileEncoding = 4; lastKnownFileType = sourcecode.swift; path = NSManagedObjectExtension.swift; sourceTree = "<group>"; };
		A836998E1E8251E400B6C006 /* NSPredicate+Extension.swift */ = {isa = PBXFileReference; fileEncoding = 4; lastKnownFileType = sourcecode.swift; path = "NSPredicate+Extension.swift"; sourceTree = "<group>"; };
		A836998F1E8251E400B6C006 /* SuperCoreDataStack.swift */ = {isa = PBXFileReference; fileEncoding = 4; lastKnownFileType = sourcecode.swift; path = SuperCoreDataStack.swift; sourceTree = "<group>"; };
		A83699901E8251E400B6C006 /* SuperFetchedResultsControllerDelegate.swift */ = {isa = PBXFileReference; fileEncoding = 4; lastKnownFileType = sourcecode.swift; path = SuperFetchedResultsControllerDelegate.swift; sourceTree = "<group>"; };
		A83699911E8251E400B6C006 /* SuperRecord_LICENSE */ = {isa = PBXFileReference; fileEncoding = 4; lastKnownFileType = text; path = SuperRecord_LICENSE; sourceTree = "<group>"; };
		A83699921E8251E400B6C006 /* FetchRequestExtension.swift */ = {isa = PBXFileReference; fileEncoding = 4; lastKnownFileType = sourcecode.swift; path = FetchRequestExtension.swift; sourceTree = "<group>"; };
		A836999C1E82520F00B6C006 /* Regular.swift */ = {isa = PBXFileReference; fileEncoding = 4; lastKnownFileType = sourcecode.swift; path = Regular.swift; sourceTree = "<group>"; };
		A836999D1E82520F00B6C006 /* MessageQueue.swift */ = {isa = PBXFileReference; fileEncoding = 4; lastKnownFileType = sourcecode.swift; path = MessageQueue.swift; sourceTree = "<group>"; };
		A836999F1E82520F00B6C006 /* Binding.swift */ = {isa = PBXFileReference; fileEncoding = 4; lastKnownFileType = sourcecode.swift; path = Binding.swift; sourceTree = "<group>"; };
		A83699A01E82520F00B6C006 /* TimeMacro.swift */ = {isa = PBXFileReference; fileEncoding = 4; lastKnownFileType = sourcecode.swift; path = TimeMacro.swift; sourceTree = "<group>"; };
		A83699A11E82520F00B6C006 /* HtmlMacro.swift */ = {isa = PBXFileReference; fileEncoding = 4; lastKnownFileType = sourcecode.swift; path = HtmlMacro.swift; sourceTree = "<group>"; };
		A83699B01E8255E300B6C006 /* Alamofire.framework */ = {isa = PBXFileReference; lastKnownFileType = wrapper.framework; name = Alamofire.framework; path = Carthage/Build/iOS/Alamofire.framework; sourceTree = "<group>"; };
		A83699B11E8255E300B6C006 /* CryptoSwift.framework */ = {isa = PBXFileReference; lastKnownFileType = wrapper.framework; name = CryptoSwift.framework; path = Carthage/Build/iOS/CryptoSwift.framework; sourceTree = "<group>"; };
		A83699B21E8255E300B6C006 /* JSONDecodeKit.framework */ = {isa = PBXFileReference; lastKnownFileType = wrapper.framework; name = JSONDecodeKit.framework; path = Carthage/Build/iOS/JSONDecodeKit.framework; sourceTree = "<group>"; };
		A83699BD1E82760D00B6C006 /* VerticalLabel.swift */ = {isa = PBXFileReference; fileEncoding = 4; lastKnownFileType = sourcecode.swift; path = VerticalLabel.swift; sourceTree = "<group>"; };
		A862E4FE224087550047701B /* TableViewBox+MultiSection.swift */ = {isa = PBXFileReference; lastKnownFileType = sourcecode.swift; path = "TableViewBox+MultiSection.swift"; sourceTree = "<group>"; };
		A862E501224088D30047701B /* TableViewBox+SingleSection.swift */ = {isa = PBXFileReference; lastKnownFileType = sourcecode.swift; path = "TableViewBox+SingleSection.swift"; sourceTree = "<group>"; };
		A862E502224088D30047701B /* SingleSectionTableViewPresentable.swift */ = {isa = PBXFileReference; lastKnownFileType = sourcecode.swift; path = SingleSectionTableViewPresentable.swift; sourceTree = "<group>"; };
		A862E50322408A930047701B /* TableViewCellType.swift */ = {isa = PBXFileReference; lastKnownFileType = sourcecode.swift; path = TableViewCellType.swift; sourceTree = "<group>"; };
		A8732A02223F94B300CD5C56 /* ManagedObjectProperty.swift */ = {isa = PBXFileReference; lastKnownFileType = sourcecode.swift; path = ManagedObjectProperty.swift; sourceTree = "<group>"; };
		A8732A03223F94B300CD5C56 /* Operator.swift */ = {isa = PBXFileReference; lastKnownFileType = sourcecode.swift; path = Operator.swift; sourceTree = "<group>"; };
		A8732A04223F94B300CD5C56 /* Query.swift */ = {isa = PBXFileReference; lastKnownFileType = sourcecode.swift; path = Query.swift; sourceTree = "<group>"; };
		A8732A05223F94B300CD5C56 /* Predicate.swift */ = {isa = PBXFileReference; lastKnownFileType = sourcecode.swift; path = Predicate.swift; sourceTree = "<group>"; };
		A8732A09223F959800CD5C56 /* Codable+Ex.swift */ = {isa = PBXFileReference; lastKnownFileType = sourcecode.swift; path = "Codable+Ex.swift"; sourceTree = "<group>"; };
		A8732A0C223F95D200CD5C56 /* Reloadable.swift */ = {isa = PBXFileReference; lastKnownFileType = sourcecode.swift; path = Reloadable.swift; sourceTree = "<group>"; };
		A8732A0D223F95D300CD5C56 /* Insertable.swift */ = {isa = PBXFileReference; lastKnownFileType = sourcecode.swift; path = Insertable.swift; sourceTree = "<group>"; };
		A8732A0E223F95D300CD5C56 /* Removable.swift */ = {isa = PBXFileReference; lastKnownFileType = sourcecode.swift; path = Removable.swift; sourceTree = "<group>"; };
		A8732A0F223F95D300CD5C56 /* Selectable.swift */ = {isa = PBXFileReference; lastKnownFileType = sourcecode.swift; path = Selectable.swift; sourceTree = "<group>"; };
		A8732A11223F960E00CD5C56 /* EventSendable.swift */ = {isa = PBXFileReference; fileEncoding = 4; lastKnownFileType = sourcecode.swift; path = EventSendable.swift; sourceTree = "<group>"; };
		A8732A12223F960E00CD5C56 /* Statable.swift */ = {isa = PBXFileReference; fileEncoding = 4; lastKnownFileType = sourcecode.swift; path = Statable.swift; sourceTree = "<group>"; };
		A8732A15223F962B00CD5C56 /* YumeTextField.swift */ = {isa = PBXFileReference; lastKnownFileType = sourcecode.swift; path = YumeTextField.swift; sourceTree = "<group>"; };
		A8732A18223F980900CD5C56 /* DateFormatter+Ex.swift */ = {isa = PBXFileReference; lastKnownFileType = sourcecode.swift; path = "DateFormatter+Ex.swift"; sourceTree = "<group>"; };
		A8732A1B223F9AC400CD5C56 /* Notifiable.swift */ = {isa = PBXFileReference; lastKnownFileType = sourcecode.swift; path = Notifiable.swift; sourceTree = "<group>"; };
		A8732A1D223F9D5600CD5C56 /* DictionaryExtension.swift */ = {isa = PBXFileReference; lastKnownFileType = sourcecode.swift; path = DictionaryExtension.swift; sourceTree = "<group>"; };
		A8732A1F223F9FD300CD5C56 /* Date+Ex.swift */ = {isa = PBXFileReference; lastKnownFileType = sourcecode.swift; path = "Date+Ex.swift"; sourceTree = "<group>"; };
		A8732A21223FA09800CD5C56 /* Measure.swift */ = {isa = PBXFileReference; lastKnownFileType = sourcecode.swift; path = Measure.swift; sourceTree = "<group>"; };
		A8732A2822407F2200CD5C56 /* Presentable.swift */ = {isa = PBXFileReference; lastKnownFileType = sourcecode.swift; path = Presentable.swift; sourceTree = "<group>"; };
		A8732A2A22407F4700CD5C56 /* MultiSectionTableViewPresentable.swift */ = {isa = PBXFileReference; lastKnownFileType = sourcecode.swift; path = MultiSectionTableViewPresentable.swift; sourceTree = "<group>"; };
		A8732A312240860F00CD5C56 /* TableViewPresentable.swift */ = {isa = PBXFileReference; lastKnownFileType = sourcecode.swift; path = TableViewPresentable.swift; sourceTree = "<group>"; };
		A8756E351F317CFD00DC00EC /* YumeSerializable.swift */ = {isa = PBXFileReference; fileEncoding = 4; lastKnownFileType = sourcecode.swift; path = YumeSerializable.swift; sourceTree = "<group>"; };
		A8756E3A1F31822500DC00EC /* DictionaryAble.swift */ = {isa = PBXFileReference; fileEncoding = 4; lastKnownFileType = sourcecode.swift; path = DictionaryAble.swift; sourceTree = "<group>"; };
		A8756E3C1F31827900DC00EC /* Rest.swift */ = {isa = PBXFileReference; fileEncoding = 4; lastKnownFileType = sourcecode.swift; path = Rest.swift; sourceTree = "<group>"; };
		A8756E3E1F3183B000DC00EC /* Monoid.swift */ = {isa = PBXFileReference; fileEncoding = 4; lastKnownFileType = sourcecode.swift; path = Monoid.swift; sourceTree = "<group>"; };
		A8756E401F3184DF00DC00EC /* ContinuingData.swift */ = {isa = PBXFileReference; fileEncoding = 4; lastKnownFileType = sourcecode.swift; path = ContinuingData.swift; sourceTree = "<group>"; };
		A8E19C2D1E82488F000DE567 /* YumeKit.framework */ = {isa = PBXFileReference; explicitFileType = wrapper.framework; includeInIndex = 0; path = YumeKit.framework; sourceTree = BUILT_PRODUCTS_DIR; };
		A8E19C2F1E82488F000DE567 /* YumeKit.h */ = {isa = PBXFileReference; lastKnownFileType = sourcecode.c.h; path = YumeKit.h; sourceTree = "<group>"; };
		A8E19C301E82488F000DE567 /* Info.plist */ = {isa = PBXFileReference; lastKnownFileType = text.plist.xml; path = Info.plist; sourceTree = "<group>"; };
		A8E19C361E8249E1000DE567 /* NSExpressionDescriptionExtension.swift */ = {isa = PBXFileReference; fileEncoding = 4; lastKnownFileType = sourcecode.swift; path = NSExpressionDescriptionExtension.swift; sourceTree = "<group>"; };
		A8E19C391E8249E1000DE567 /* StringExtension2.swift */ = {isa = PBXFileReference; fileEncoding = 4; lastKnownFileType = sourcecode.swift; path = StringExtension2.swift; sourceTree = "<group>"; };
		A8E19C3B1E8249E1000DE567 /* UIExtension.swift */ = {isa = PBXFileReference; fileEncoding = 4; lastKnownFileType = sourcecode.swift; path = UIExtension.swift; sourceTree = "<group>"; };
		A8E19C3C1E8249E1000DE567 /* UIImageExtension.swift */ = {isa = PBXFileReference; fileEncoding = 4; lastKnownFileType = sourcecode.swift; path = UIImageExtension.swift; sourceTree = "<group>"; };
/* End PBXFileReference section */

/* Begin PBXFrameworksBuildPhase section */
		A8361CB21F396F6A00A71D22 /* Frameworks */ = {
			isa = PBXFrameworksBuildPhase;
			buildActionMask = 2147483647;
			files = (
				A8361CBA1F396F6A00A71D22 /* YumeKit.framework in Frameworks */,
			);
			runOnlyForDeploymentPostprocessing = 0;
		};
		A8E19C291E82488F000DE567 /* Frameworks */ = {
			isa = PBXFrameworksBuildPhase;
			buildActionMask = 2147483647;
			files = (
			);
			runOnlyForDeploymentPostprocessing = 0;
		};
/* End PBXFrameworksBuildPhase section */

/* Begin PBXGroup section */
		A8184EC92240ECF200326988 /* CollectionViewPresentable */ = {
			isa = PBXGroup;
			children = (
				A8184ECE2240EE7E00326988 /* SingleSection */,
				A8184ECA2240ED2100326988 /* CollectionViewPresentable.swift */,
				A8184ECC2240EE3A00326988 /* CollectionViewBox.swift */,
				A8184ED32240F4E800326988 /* CollectionViewCellType.swift */,
			);
			path = CollectionViewPresentable;
			sourceTree = "<group>";
		};
		A8184ECE2240EE7E00326988 /* SingleSection */ = {
			isa = PBXGroup;
			children = (
				A8184ECF2240EE9D00326988 /* SingleSectionCollectionViewPresentable.swift */,
				A8184ED12240EF5900326988 /* CollectionViewBox+SingleSection.swift */,
			);
			path = SingleSection;
			sourceTree = "<group>";
		};
		A8361CB61F396F6A00A71D22 /* YumeKitTests */ = {
			isa = PBXGroup;
			children = (
				A8361CB91F396F6A00A71D22 /* Info.plist */,
				A8361CB71F396F6A00A71D22 /* YumeKitTests.swift */,
			);
			path = YumeKitTests;
			sourceTree = "<group>";
		};
		A836998B1E8251C800B6C006 /* SuperStack */ = {
			isa = PBXGroup;
			children = (
				A83699921E8251E400B6C006 /* FetchRequestExtension.swift */,
				A836998C1E8251E400B6C006 /* NSFetchedResultsControllerExtension.swift */,
				A836998D1E8251E400B6C006 /* NSManagedObjectExtension.swift */,
				A836998E1E8251E400B6C006 /* NSPredicate+Extension.swift */,
				A836998F1E8251E400B6C006 /* SuperCoreDataStack.swift */,
				A83699901E8251E400B6C006 /* SuperFetchedResultsControllerDelegate.swift */,
				A83699911E8251E400B6C006 /* SuperRecord_LICENSE */,
			);
			path = SuperStack;
			sourceTree = "<group>";
		};
		A836999A1E82520200B6C006 /* Macro */ = {
			isa = PBXGroup;
			children = (
				A83699A11E82520F00B6C006 /* HtmlMacro.swift */,
				A836999D1E82520F00B6C006 /* MessageQueue.swift */,
			);
			path = Macro;
			sourceTree = "<group>";
		};
		A83699AB1E82522A00B6C006 /* Kit */ = {
			isa = PBXGroup;
			children = (
				A8756E401F3184DF00DC00EC /* ContinuingData.swift */,
				A8756E3A1F31822500DC00EC /* DictionaryAble.swift */,
				A8756E3C1F31827900DC00EC /* Rest.swift */,
				A8756E351F317CFD00DC00EC /* YumeSerializable.swift */,
			);
			path = Kit;
			sourceTree = "<group>";
		};
		A83699AF1E8255E300B6C006 /* Frameworks */ = {
			isa = PBXGroup;
			children = (
				A83699B01E8255E300B6C006 /* Alamofire.framework */,
				A83699B11E8255E300B6C006 /* CryptoSwift.framework */,
				A83699B21E8255E300B6C006 /* JSONDecodeKit.framework */,
			);
			name = Frameworks;
			sourceTree = "<group>";
		};
		A83699BC1E8275FD00B6C006 /* View */ = {
			isa = PBXGroup;
			children = (
				A8732A15223F962B00CD5C56 /* YumeTextField.swift */,
				A83699BD1E82760D00B6C006 /* VerticalLabel.swift */,
			);
			path = View;
			sourceTree = "<group>";
		};
		A862E4FD224087370047701B /* MultiSection */ = {
			isa = PBXGroup;
			children = (
				A8732A2A22407F4700CD5C56 /* MultiSectionTableViewPresentable.swift */,
				A862E4FE224087550047701B /* TableViewBox+MultiSection.swift */,
			);
			path = MultiSection;
			sourceTree = "<group>";
		};
		A862E500224088C40047701B /* SingleSection */ = {
			isa = PBXGroup;
			children = (
				A862E502224088D30047701B /* SingleSectionTableViewPresentable.swift */,
				A862E501224088D30047701B /* TableViewBox+SingleSection.swift */,
			);
			path = SingleSection;
			sourceTree = "<group>";
		};
		A8732A01223F94A100CD5C56 /* Kuery */ = {
			isa = PBXGroup;
			children = (
				A8732A02223F94B300CD5C56 /* ManagedObjectProperty.swift */,
				A8732A03223F94B300CD5C56 /* Operator.swift */,
				A8732A05223F94B300CD5C56 /* Predicate.swift */,
				A8732A04223F94B300CD5C56 /* Query.swift */,
			);
			path = Kuery;
			sourceTree = "<group>";
		};
		A8732A06223F951500CD5C56 /* FP */ = {
			isa = PBXGroup;
			children = (
				A836999F1E82520F00B6C006 /* Binding.swift */,
				A8756E3E1F3183B000DC00EC /* Monoid.swift */,
				A8732A21223FA09800CD5C56 /* Measure.swift */,
			);
			path = FP;
			sourceTree = "<group>";
		};
		A8732A07223F953000CD5C56 /* Regex */ = {
			isa = PBXGroup;
			children = (
				A836999C1E82520F00B6C006 /* Regular.swift */,
			);
			path = Regex;
			sourceTree = "<group>";
		};
		A8732A08223F958A00CD5C56 /* Codable */ = {
			isa = PBXGroup;
			children = (
				A8732A09223F959800CD5C56 /* Codable+Ex.swift */,
			);
			path = Codable;
			sourceTree = "<group>";
		};
		A8732A0B223F95CA00CD5C56 /* Listable */ = {
			isa = PBXGroup;
			children = (
				A8732A0D223F95D300CD5C56 /* Insertable.swift */,
				A8732A0C223F95D200CD5C56 /* Reloadable.swift */,
				A8732A0E223F95D300CD5C56 /* Removable.swift */,
				A8732A0F223F95D300CD5C56 /* Selectable.swift */,
			);
			path = Listable;
			sourceTree = "<group>";
		};
		A8732A10223F960400CD5C56 /* State */ = {
			isa = PBXGroup;
			children = (
				A8732A11223F960E00CD5C56 /* EventSendable.swift */,
				A8732A12223F960E00CD5C56 /* Statable.swift */,
			);
			path = State;
			sourceTree = "<group>";
		};
		A8732A17223F973900CD5C56 /* Time */ = {
			isa = PBXGroup;
			children = (
				A83699A01E82520F00B6C006 /* TimeMacro.swift */,
				A8732A18223F980900CD5C56 /* DateFormatter+Ex.swift */,
				A8732A1F223F9FD300CD5C56 /* Date+Ex.swift */,
			);
			path = Time;
			sourceTree = "<group>";
		};
		A8732A1A223F9AB100CD5C56 /* Notifiable */ = {
			isa = PBXGroup;
			children = (
				A8732A1B223F9AC400CD5C56 /* Notifiable.swift */,
			);
			path = Notifiable;
			sourceTree = "<group>";
		};
		A8732A2322407EE700CD5C56 /* Presentable */ = {
			isa = PBXGroup;
			children = (
				A8732A2822407F2200CD5C56 /* Presentable.swift */,
				A8E19C3B1E8249E1000DE567 /* UIExtension.swift */,
				A8732A302240825E00CD5C56 /* TableViewPresentable */,
				A8184EC92240ECF200326988 /* CollectionViewPresentable */,
			);
			path = Presentable;
			sourceTree = "<group>";
		};
		A8732A302240825E00CD5C56 /* TableViewPresentable */ = {
			isa = PBXGroup;
			children = (
				A8732A312240860F00CD5C56 /* TableViewPresentable.swift */,
				A862E50322408A930047701B /* TableViewCellType.swift */,
				A8184EC72240DAE300326988 /* TableViewBox.swift */,
				A862E4FD224087370047701B /* MultiSection */,
				A862E500224088C40047701B /* SingleSection */,
			);
			path = TableViewPresentable;
			sourceTree = "<group>";
		};
		A8756E371F317E3F00DC00EC /* CoreData */ = {
			isa = PBXGroup;
			children = (
				A8732A01223F94A100CD5C56 /* Kuery */,
				A836998B1E8251C800B6C006 /* SuperStack */,
			);
			path = CoreData;
			sourceTree = "<group>";
		};
		A8D3234C1E4817BD00EA3445 = {
			isa = PBXGroup;
			children = (
				A8E19C2E1E82488F000DE567 /* YumeKit */,
				A83699AF1E8255E300B6C006 /* Frameworks */,
				A8D323561E4817BD00EA3445 /* Products */,
				A8361CB61F396F6A00A71D22 /* YumeKitTests */,
			);
			sourceTree = "<group>";
		};
		A8D323561E4817BD00EA3445 /* Products */ = {
			isa = PBXGroup;
			children = (
				A8E19C2D1E82488F000DE567 /* YumeKit.framework */,
				A8361CB51F396F6A00A71D22 /* YumeKitTests.xctest */,
			);
			name = Products;
			sourceTree = "<group>";
		};
		A8E19C2E1E82488F000DE567 /* YumeKit */ = {
			isa = PBXGroup;
			children = (
				A8732A2322407EE700CD5C56 /* Presentable */,
				A8732A1A223F9AB100CD5C56 /* Notifiable */,
				A8732A17223F973900CD5C56 /* Time */,
				A8732A10223F960400CD5C56 /* State */,
				A8732A0B223F95CA00CD5C56 /* Listable */,
				A8732A08223F958A00CD5C56 /* Codable */,
				A8732A07223F953000CD5C56 /* Regex */,
				A8732A06223F951500CD5C56 /* FP */,
				A8756E371F317E3F00DC00EC /* CoreData */,
				A8E19C351E8249A4000DE567 /* Extension */,
				A83699AB1E82522A00B6C006 /* Kit */,
				A836999A1E82520200B6C006 /* Macro */,
				A83699BC1E8275FD00B6C006 /* View */,
				A8E19C301E82488F000DE567 /* Info.plist */,
				A8E19C2F1E82488F000DE567 /* YumeKit.h */,
			);
			path = YumeKit;
			sourceTree = "<group>";
		};
		A8E19C351E8249A4000DE567 /* Extension */ = {
			isa = PBXGroup;
			children = (
				A8E19C361E8249E1000DE567 /* NSExpressionDescriptionExtension.swift */,
				A8E19C391E8249E1000DE567 /* StringExtension2.swift */,
				A8E19C3C1E8249E1000DE567 /* UIImageExtension.swift */,
				A8732A1D223F9D5600CD5C56 /* DictionaryExtension.swift */,
			);
			path = Extension;
			sourceTree = "<group>";
		};
/* End PBXGroup section */

/* Begin PBXHeadersBuildPhase section */
		A8E19C2A1E82488F000DE567 /* Headers */ = {
			isa = PBXHeadersBuildPhase;
			buildActionMask = 2147483647;
			files = (
				A8E19C311E82488F000DE567 /* YumeKit.h in Headers */,
			);
			runOnlyForDeploymentPostprocessing = 0;
		};
/* End PBXHeadersBuildPhase section */

/* Begin PBXNativeTarget section */
		A8361CB41F396F6A00A71D22 /* YumeKitTests */ = {
			isa = PBXNativeTarget;
			buildConfigurationList = A8361CBF1F396F6A00A71D22 /* Build configuration list for PBXNativeTarget "YumeKitTests" */;
			buildPhases = (
				A8361CB11F396F6A00A71D22 /* Sources */,
				A8361CB21F396F6A00A71D22 /* Frameworks */,
				A8361CB31F396F6A00A71D22 /* Resources */,
				A8C8D6711F4427530042D6DD /* Carthage */,
			);
			buildRules = (
			);
			dependencies = (
				A8361CBC1F396F6A00A71D22 /* PBXTargetDependency */,
			);
			name = YumeKitTests;
			productName = YumeKitTests;
			productReference = A8361CB51F396F6A00A71D22 /* YumeKitTests.xctest */;
			productType = "com.apple.product-type.bundle.unit-test";
		};
		A8E19C2C1E82488F000DE567 /* YumeKit */ = {
			isa = PBXNativeTarget;
			buildConfigurationList = A8E19C321E82488F000DE567 /* Build configuration list for PBXNativeTarget "YumeKit" */;
			buildPhases = (
				A8E19C281E82488F000DE567 /* Sources */,
				A8E19C291E82488F000DE567 /* Frameworks */,
				A8E19C2A1E82488F000DE567 /* Headers */,
				A8E19C2B1E82488F000DE567 /* Resources */,
			);
			buildRules = (
			);
			dependencies = (
			);
			name = YumeKit;
			productName = YumeKit;
			productReference = A8E19C2D1E82488F000DE567 /* YumeKit.framework */;
			productType = "com.apple.product-type.framework";
		};
/* End PBXNativeTarget section */

/* Begin PBXProject section */
		A8D3234D1E4817BD00EA3445 /* Project object */ = {
			isa = PBXProject;
			attributes = {
				LastSwiftUpdateCheck = 0830;
				LastUpgradeCheck = 1010;
				ORGANIZATIONNAME = Yume;
				TargetAttributes = {
					A8361CB41F396F6A00A71D22 = {
						CreatedOnToolsVersion = 8.3.3;
						DevelopmentTeam = 37MR9UKGT4;
						LastSwiftMigration = 0920;
						ProvisioningStyle = Automatic;
					};
					A8E19C2C1E82488F000DE567 = {
						CreatedOnToolsVersion = 8.2.1;
						LastSwiftMigration = 0920;
						ProvisioningStyle = Manual;
					};
				};
			};
			buildConfigurationList = A8D323501E4817BD00EA3445 /* Build configuration list for PBXProject "YumeKit" */;
			compatibilityVersion = "Xcode 3.2";
			developmentRegion = English;
			hasScannedForEncodings = 0;
			knownRegions = (
				English,
				en,
				Base,
			);
			mainGroup = A8D3234C1E4817BD00EA3445;
			productRefGroup = A8D323561E4817BD00EA3445 /* Products */;
			projectDirPath = "";
			projectRoot = "";
			targets = (
				A8E19C2C1E82488F000DE567 /* YumeKit */,
				A8361CB41F396F6A00A71D22 /* YumeKitTests */,
			);
		};
/* End PBXProject section */

/* Begin PBXResourcesBuildPhase section */
		A8361CB31F396F6A00A71D22 /* Resources */ = {
			isa = PBXResourcesBuildPhase;
			buildActionMask = 2147483647;
			files = (
			);
			runOnlyForDeploymentPostprocessing = 0;
		};
		A8E19C2B1E82488F000DE567 /* Resources */ = {
			isa = PBXResourcesBuildPhase;
			buildActionMask = 2147483647;
			files = (
				A83699981E8251E400B6C006 /* SuperRecord_LICENSE in Resources */,
			);
			runOnlyForDeploymentPostprocessing = 0;
		};
/* End PBXResourcesBuildPhase section */

/* Begin PBXShellScriptBuildPhase section */
		A8C8D6711F4427530042D6DD /* Carthage */ = {
			isa = PBXShellScriptBuildPhase;
			buildActionMask = 2147483647;
			files = (
			);
			inputPaths = (
				"$(SRCROOT)/Carthage/Build/iOS/CryptoSwift.framework",
				"$(SRCROOT)/Carthage/Build/iOS/Alamofire.framework",
				"$(SRCROOT)/Carthage/Build/iOS/JSONDecodeKit.framework",
			);
			name = Carthage;
			outputPaths = (
			);
			runOnlyForDeploymentPostprocessing = 0;
			shellPath = /bin/sh;
			shellScript = "/usr/local/bin/carthage copy-frameworks";
		};
/* End PBXShellScriptBuildPhase section */

/* Begin PBXSourcesBuildPhase section */
		A8361CB11F396F6A00A71D22 /* Sources */ = {
			isa = PBXSourcesBuildPhase;
			buildActionMask = 2147483647;
			files = (
				A8361CB81F396F6A00A71D22 /* YumeKitTests.swift in Sources */,
			);
			runOnlyForDeploymentPostprocessing = 0;
		};
		A8E19C281E82488F000DE567 /* Sources */ = {
			isa = PBXSourcesBuildPhase;
			buildActionMask = 2147483647;
			files = (
				A8EFB1D2224E0415007D8818 /* Selectable.swift in Sources */,
				A8732A20223F9FD300CD5C56 /* Date+Ex.swift in Sources */,
				A83699A71E82520F00B6C006 /* Binding.swift in Sources */,
				A8E19C3D1E8249E1000DE567 /* NSExpressionDescriptionExtension.swift in Sources */,
				A8184EB62240BE6D00326988 /* TableViewBox+SingleSection.swift in Sources */,
				A8EFB1CF224E0415007D8818 /* Insertable.swift in Sources */,
				A8756E3D1F31827900DC00EC /* Rest.swift in Sources */,
				A8E19C431E8249E1000DE567 /* UIImageExtension.swift in Sources */,
				A8184ECD2240EE3A00326988 /* CollectionViewBox.swift in Sources */,
				A8184EB52240BE6D00326988 /* SingleSectionTableViewPresentable.swift in Sources */,
				A8EFB1D1224E0415007D8818 /* Removable.swift in Sources */,
				A8732A2922407F2200CD5C56 /* Presentable.swift in Sources */,
				A8184ED22240EF5900326988 /* CollectionViewBox+SingleSection.swift in Sources */,
				A8756E361F317CFD00DC00EC /* YumeSerializable.swift in Sources */,
				A8732A16223F962B00CD5C56 /* YumeTextField.swift in Sources */,
				A8732A1C223F9AC400CD5C56 /* Notifiable.swift in Sources */,
				A8732A19223F980900CD5C56 /* DateFormatter+Ex.swift in Sources */,
				A83699931E8251E400B6C006 /* NSFetchedResultsControllerExtension.swift in Sources */,
				A83699A91E82520F00B6C006 /* HtmlMacro.swift in Sources */,
				A83699A51E82520F00B6C006 /* MessageQueue.swift in Sources */,
				A8732A22223FA09800CD5C56 /* Measure.swift in Sources */,
				A8732A14223F960E00CD5C56 /* Statable.swift in Sources */,
				A83699A81E82520F00B6C006 /* TimeMacro.swift in Sources */,
				A8184ED02240EE9D00326988 /* SingleSectionCollectionViewPresentable.swift in Sources */,
				A862E50422408A930047701B /* TableViewCellType.swift in Sources */,
				A83699961E8251E400B6C006 /* SuperCoreDataStack.swift in Sources */,
				A83699971E8251E400B6C006 /* SuperFetchedResultsControllerDelegate.swift in Sources */,
				A862E4FF224087550047701B /* TableViewBox+MultiSection.swift in Sources */,
				A8732A13223F960E00CD5C56 /* EventSendable.swift in Sources */,
				A8756E411F3184DF00DC00EC /* ContinuingData.swift in Sources */,
				A8EFB1D0224E0415007D8818 /* Reloadable.swift in Sources */,
				A8184EBA2240BE8200326988 /* Query.swift in Sources */,
				A83699951E8251E400B6C006 /* NSPredicate+Extension.swift in Sources */,
				A8756E3B1F31822500DC00EC /* DictionaryAble.swift in Sources */,
				A83699991E8251E400B6C006 /* FetchRequestExtension.swift in Sources */,
				A8184EB92240BE8200326988 /* Predicate.swift in Sources */,
				A8E19C401E8249E1000DE567 /* StringExtension2.swift in Sources */,
				A8184EB82240BE8200326988 /* Operator.swift in Sources */,
				A83699A41E82520F00B6C006 /* Regular.swift in Sources */,
				A8732A322240860F00CD5C56 /* TableViewPresentable.swift in Sources */,
				A8184EC82240DAE300326988 /* TableViewBox.swift in Sources */,
				A8184ECB2240ED2100326988 /* CollectionViewPresentable.swift in Sources */,
				A83699BE1E82760D00B6C006 /* VerticalLabel.swift in Sources */,
				A8732A1E223F9D5600CD5C56 /* DictionaryExtension.swift in Sources */,
				A83699941E8251E400B6C006 /* NSManagedObjectExtension.swift in Sources */,
				A8184ED42240F4E800326988 /* CollectionViewCellType.swift in Sources */,
				A8E19C421E8249E1000DE567 /* UIExtension.swift in Sources */,
				A8756E3F1F3183B000DC00EC /* Monoid.swift in Sources */,
				A8732A0A223F959800CD5C56 /* Codable+Ex.swift in Sources */,
				A8732A2B22407F4700CD5C56 /* MultiSectionTableViewPresentable.swift in Sources */,
				A8184EB72240BE8200326988 /* ManagedObjectProperty.swift in Sources */,
			);
			runOnlyForDeploymentPostprocessing = 0;
		};
/* End PBXSourcesBuildPhase section */

/* Begin PBXTargetDependency section */
		A8361CBC1F396F6A00A71D22 /* PBXTargetDependency */ = {
			isa = PBXTargetDependency;
			target = A8E19C2C1E82488F000DE567 /* YumeKit */;
			targetProxy = A8361CBB1F396F6A00A71D22 /* PBXContainerItemProxy */;
		};
/* End PBXTargetDependency section */

/* Begin XCBuildConfiguration section */
		A8361CBD1F396F6A00A71D22 /* Debug */ = {
			isa = XCBuildConfiguration;
			buildSettings = {
				CLANG_ANALYZER_NUMBER_OBJECT_CONVERSION = YES_AGGRESSIVE;
				DEVELOPMENT_TEAM = 37MR9UKGT4;
				INFOPLIST_FILE = YumeKitTests/Info.plist;
				IPHONEOS_DEPLOYMENT_TARGET = 10.3;
				LD_RUNPATH_SEARCH_PATHS = "$(inherited) @executable_path/Frameworks @loader_path/Frameworks";
				PRODUCT_BUNDLE_IDENTIFIER = com.yume190.YumeKitTests;
				PRODUCT_NAME = "$(TARGET_NAME)";
				SWIFT_SWIFT3_OBJC_INFERENCE = On;
				SWIFT_VERSION = 4.0;
			};
			name = Debug;
		};
		A8361CBE1F396F6A00A71D22 /* Release */ = {
			isa = XCBuildConfiguration;
			buildSettings = {
				CLANG_ANALYZER_NUMBER_OBJECT_CONVERSION = YES_AGGRESSIVE;
				DEVELOPMENT_TEAM = 37MR9UKGT4;
				INFOPLIST_FILE = YumeKitTests/Info.plist;
				IPHONEOS_DEPLOYMENT_TARGET = 10.3;
				LD_RUNPATH_SEARCH_PATHS = "$(inherited) @executable_path/Frameworks @loader_path/Frameworks";
				PRODUCT_BUNDLE_IDENTIFIER = com.yume190.YumeKitTests;
				PRODUCT_NAME = "$(TARGET_NAME)";
				SWIFT_SWIFT3_OBJC_INFERENCE = On;
				SWIFT_VERSION = 4.0;
			};
			name = Release;
		};
		A8D323651E4817BD00EA3445 /* Debug */ = {
			isa = XCBuildConfiguration;
			buildSettings = {
				ALWAYS_SEARCH_USER_PATHS = NO;
				CLANG_ANALYZER_NONNULL = YES;
				CLANG_CXX_LANGUAGE_STANDARD = "gnu++0x";
				CLANG_CXX_LIBRARY = "libc++";
				CLANG_ENABLE_MODULES = YES;
				CLANG_ENABLE_OBJC_ARC = YES;
				CLANG_WARN_BLOCK_CAPTURE_AUTORELEASING = YES;
				CLANG_WARN_BOOL_CONVERSION = YES;
				CLANG_WARN_COMMA = YES;
				CLANG_WARN_CONSTANT_CONVERSION = YES;
				CLANG_WARN_DEPRECATED_OBJC_IMPLEMENTATIONS = YES;
				CLANG_WARN_DIRECT_OBJC_ISA_USAGE = YES_ERROR;
				CLANG_WARN_DOCUMENTATION_COMMENTS = YES;
				CLANG_WARN_EMPTY_BODY = YES;
				CLANG_WARN_ENUM_CONVERSION = YES;
				CLANG_WARN_INFINITE_RECURSION = YES;
				CLANG_WARN_INT_CONVERSION = YES;
				CLANG_WARN_NON_LITERAL_NULL_CONVERSION = YES;
				CLANG_WARN_OBJC_IMPLICIT_RETAIN_SELF = YES;
				CLANG_WARN_OBJC_LITERAL_CONVERSION = YES;
				CLANG_WARN_OBJC_ROOT_CLASS = YES_ERROR;
				CLANG_WARN_RANGE_LOOP_ANALYSIS = YES;
				CLANG_WARN_STRICT_PROTOTYPES = YES;
				CLANG_WARN_SUSPICIOUS_MOVE = YES;
				CLANG_WARN_UNREACHABLE_CODE = YES;
				CLANG_WARN__DUPLICATE_METHOD_MATCH = YES;
				"CODE_SIGN_IDENTITY[sdk=iphoneos*]" = "iPhone Developer";
				COPY_PHASE_STRIP = NO;
				DEBUG_INFORMATION_FORMAT = dwarf;
				ENABLE_STRICT_OBJC_MSGSEND = YES;
				ENABLE_TESTABILITY = YES;
				GCC_C_LANGUAGE_STANDARD = gnu99;
				GCC_DYNAMIC_NO_PIC = NO;
				GCC_NO_COMMON_BLOCKS = YES;
				GCC_OPTIMIZATION_LEVEL = 0;
				GCC_PREPROCESSOR_DEFINITIONS = (
					"DEBUG=1",
					"$(inherited)",
				);
				GCC_WARN_64_TO_32_BIT_CONVERSION = YES;
				GCC_WARN_ABOUT_RETURN_TYPE = YES_ERROR;
				GCC_WARN_UNDECLARED_SELECTOR = YES;
				GCC_WARN_UNINITIALIZED_AUTOS = YES_AGGRESSIVE;
				GCC_WARN_UNUSED_FUNCTION = YES;
				GCC_WARN_UNUSED_VARIABLE = YES;
				IPHONEOS_DEPLOYMENT_TARGET = 10.2;
				MTL_ENABLE_DEBUG_INFO = YES;
				ONLY_ACTIVE_ARCH = YES;
				SDKROOT = iphoneos;
				SWIFT_ACTIVE_COMPILATION_CONDITIONS = DEBUG;
				SWIFT_OPTIMIZATION_LEVEL = "-Onone";
				TARGETED_DEVICE_FAMILY = "1,2";
			};
			name = Debug;
		};
		A8D323661E4817BD00EA3445 /* Release */ = {
			isa = XCBuildConfiguration;
			buildSettings = {
				ALWAYS_SEARCH_USER_PATHS = NO;
				CLANG_ANALYZER_NONNULL = YES;
				CLANG_CXX_LANGUAGE_STANDARD = "gnu++0x";
				CLANG_CXX_LIBRARY = "libc++";
				CLANG_ENABLE_MODULES = YES;
				CLANG_ENABLE_OBJC_ARC = YES;
				CLANG_WARN_BLOCK_CAPTURE_AUTORELEASING = YES;
				CLANG_WARN_BOOL_CONVERSION = YES;
				CLANG_WARN_COMMA = YES;
				CLANG_WARN_CONSTANT_CONVERSION = YES;
				CLANG_WARN_DEPRECATED_OBJC_IMPLEMENTATIONS = YES;
				CLANG_WARN_DIRECT_OBJC_ISA_USAGE = YES_ERROR;
				CLANG_WARN_DOCUMENTATION_COMMENTS = YES;
				CLANG_WARN_EMPTY_BODY = YES;
				CLANG_WARN_ENUM_CONVERSION = YES;
				CLANG_WARN_INFINITE_RECURSION = YES;
				CLANG_WARN_INT_CONVERSION = YES;
				CLANG_WARN_NON_LITERAL_NULL_CONVERSION = YES;
				CLANG_WARN_OBJC_IMPLICIT_RETAIN_SELF = YES;
				CLANG_WARN_OBJC_LITERAL_CONVERSION = YES;
				CLANG_WARN_OBJC_ROOT_CLASS = YES_ERROR;
				CLANG_WARN_RANGE_LOOP_ANALYSIS = YES;
				CLANG_WARN_STRICT_PROTOTYPES = YES;
				CLANG_WARN_SUSPICIOUS_MOVE = YES;
				CLANG_WARN_UNREACHABLE_CODE = YES;
				CLANG_WARN__DUPLICATE_METHOD_MATCH = YES;
				"CODE_SIGN_IDENTITY[sdk=iphoneos*]" = "iPhone Developer";
				COPY_PHASE_STRIP = NO;
				DEBUG_INFORMATION_FORMAT = "dwarf-with-dsym";
				ENABLE_NS_ASSERTIONS = NO;
				ENABLE_STRICT_OBJC_MSGSEND = YES;
				GCC_C_LANGUAGE_STANDARD = gnu99;
				GCC_NO_COMMON_BLOCKS = YES;
				GCC_WARN_64_TO_32_BIT_CONVERSION = YES;
				GCC_WARN_ABOUT_RETURN_TYPE = YES_ERROR;
				GCC_WARN_UNDECLARED_SELECTOR = YES;
				GCC_WARN_UNINITIALIZED_AUTOS = YES_AGGRESSIVE;
				GCC_WARN_UNUSED_FUNCTION = YES;
				GCC_WARN_UNUSED_VARIABLE = YES;
				IPHONEOS_DEPLOYMENT_TARGET = 10.2;
				MTL_ENABLE_DEBUG_INFO = NO;
				SDKROOT = iphoneos;
				SWIFT_OPTIMIZATION_LEVEL = "-Owholemodule";
				TARGETED_DEVICE_FAMILY = "1,2";
				VALIDATE_PRODUCT = YES;
			};
			name = Release;
		};
		A8E19C331E82488F000DE567 /* Debug */ = {
			isa = XCBuildConfiguration;
			buildSettings = {
				CLANG_ENABLE_MODULES = YES;
				CODE_SIGN_IDENTITY = "";
				CODE_SIGN_STYLE = Manual;
				CURRENT_PROJECT_VERSION = 1;
				DEFINES_MODULE = YES;
				DEVELOPMENT_TEAM = "";
				DYLIB_COMPATIBILITY_VERSION = 1;
				DYLIB_CURRENT_VERSION = 1;
				DYLIB_INSTALL_NAME_BASE = "@rpath";
				FRAMEWORK_SEARCH_PATHS = (
					"$(inherited)",
					"$(PROJECT_DIR)/Carthage/Build/iOS",
				);
				INFOPLIST_FILE = YumeKit/Info.plist;
				INSTALL_PATH = "$(LOCAL_LIBRARY_DIR)/Frameworks";
				IPHONEOS_DEPLOYMENT_TARGET = 9.0;
				LD_RUNPATH_SEARCH_PATHS = "$(inherited) @executable_path/Frameworks @loader_path/Frameworks";
				MODULEMAP_FILE = "";
				PRODUCT_BUNDLE_IDENTIFIER = com.yume190.YumeKit;
				PRODUCT_NAME = "$(TARGET_NAME)";
				PROVISIONING_PROFILE_SPECIFIER = "";
				SKIP_INSTALL = YES;
				SWIFT_OBJC_BRIDGING_HEADER = "";
				SWIFT_OPTIMIZATION_LEVEL = "-Onone";
				SWIFT_SWIFT3_OBJC_INFERENCE = Default;
				SWIFT_VERSION = 4.2;
				VERSIONING_SYSTEM = "apple-generic";
				VERSION_INFO_PREFIX = "";
			};
			name = Debug;
		};
		A8E19C341E82488F000DE567 /* Release */ = {
			isa = XCBuildConfiguration;
			buildSettings = {
				CLANG_ENABLE_MODULES = YES;
				CODE_SIGN_IDENTITY = "";
				CODE_SIGN_STYLE = Manual;
				CURRENT_PROJECT_VERSION = 1;
				DEFINES_MODULE = YES;
				DEVELOPMENT_TEAM = "";
				DYLIB_COMPATIBILITY_VERSION = 1;
				DYLIB_CURRENT_VERSION = 1;
				DYLIB_INSTALL_NAME_BASE = "@rpath";
				FRAMEWORK_SEARCH_PATHS = (
					"$(inherited)",
					"$(PROJECT_DIR)/Carthage/Build/iOS",
				);
				INFOPLIST_FILE = YumeKit/Info.plist;
				INSTALL_PATH = "$(LOCAL_LIBRARY_DIR)/Frameworks";
				IPHONEOS_DEPLOYMENT_TARGET = 9.0;
				LD_RUNPATH_SEARCH_PATHS = "$(inherited) @executable_path/Frameworks @loader_path/Frameworks";
				MODULEMAP_FILE = "";
				PRODUCT_BUNDLE_IDENTIFIER = com.yume190.YumeKit;
				PRODUCT_NAME = "$(TARGET_NAME)";
				PROVISIONING_PROFILE_SPECIFIER = "";
				SKIP_INSTALL = YES;
				SWIFT_OBJC_BRIDGING_HEADER = "";
				SWIFT_SWIFT3_OBJC_INFERENCE = Default;
				SWIFT_VERSION = 4.2;
				VERSIONING_SYSTEM = "apple-generic";
				VERSION_INFO_PREFIX = "";
			};
			name = Release;
		};
/* End XCBuildConfiguration section */

/* Begin XCConfigurationList section */
		A8361CBF1F396F6A00A71D22 /* Build configuration list for PBXNativeTarget "YumeKitTests" */ = {
			isa = XCConfigurationList;
			buildConfigurations = (
				A8361CBD1F396F6A00A71D22 /* Debug */,
				A8361CBE1F396F6A00A71D22 /* Release */,
			);
			defaultConfigurationIsVisible = 0;
			defaultConfigurationName = Release;
		};
		A8D323501E4817BD00EA3445 /* Build configuration list for PBXProject "YumeKit" */ = {
			isa = XCConfigurationList;
			buildConfigurations = (
				A8D323651E4817BD00EA3445 /* Debug */,
				A8D323661E4817BD00EA3445 /* Release */,
			);
			defaultConfigurationIsVisible = 0;
			defaultConfigurationName = Release;
		};
		A8E19C321E82488F000DE567 /* Build configuration list for PBXNativeTarget "YumeKit" */ = {
			isa = XCConfigurationList;
			buildConfigurations = (
				A8E19C331E82488F000DE567 /* Debug */,
				A8E19C341E82488F000DE567 /* Release */,
			);
			defaultConfigurationIsVisible = 0;
			defaultConfigurationName = Release;
		};
/* End XCConfigurationList section */
	};
	rootObject = A8D3234D1E4817BD00EA3445 /* Project object */;
}
