// !$*UTF8*$!
{
	archiveVersion = 1;
	classes = {
	};
	objectVersion = 46;
	objects = {

/* Begin PBXBuildFile section */
		A83699931E8251E400B6C006 /* NSFetchedResultsControllerExtension.swift in Sources */ = {isa = PBXBuildFile; fileRef = A836998C1E8251E400B6C006 /* NSFetchedResultsControllerExtension.swift */; };
		A83699941E8251E400B6C006 /* NSManagedObjectExtension.swift in Sources */ = {isa = PBXBuildFile; fileRef = A836998D1E8251E400B6C006 /* NSManagedObjectExtension.swift */; };
		A83699951E8251E400B6C006 /* NSPredicateExtension.swift in Sources */ = {isa = PBXBuildFile; fileRef = A836998E1E8251E400B6C006 /* NSPredicateExtension.swift */; };
		A83699961E8251E400B6C006 /* SuperCoreDataStack.swift in Sources */ = {isa = PBXBuildFile; fileRef = A836998F1E8251E400B6C006 /* SuperCoreDataStack.swift */; };
		A83699971E8251E400B6C006 /* SuperFetchedResultsControllerDelegate.swift in Sources */ = {isa = PBXBuildFile; fileRef = A83699901E8251E400B6C006 /* SuperFetchedResultsControllerDelegate.swift */; };
		A83699981E8251E400B6C006 /* SuperRecord_LICENSE in Resources */ = {isa = PBXBuildFile; fileRef = A83699911E8251E400B6C006 /* SuperRecord_LICENSE */; };
		A83699991E8251E400B6C006 /* FetchRequestExtension.swift in Sources */ = {isa = PBXBuildFile; fileRef = A83699921E8251E400B6C006 /* FetchRequestExtension.swift */; };
		A83699A31E82520F00B6C006 /* Macro.swift in Sources */ = {isa = PBXBuildFile; fileRef = A836999B1E82520F00B6C006 /* Macro.swift */; };
		A83699A41E82520F00B6C006 /* RegularMacro.swift in Sources */ = {isa = PBXBuildFile; fileRef = A836999C1E82520F00B6C006 /* RegularMacro.swift */; };
		A83699A51E82520F00B6C006 /* MessageQueue.swift in Sources */ = {isa = PBXBuildFile; fileRef = A836999D1E82520F00B6C006 /* MessageQueue.swift */; };
		A83699A71E82520F00B6C006 /* FPMacro.swift in Sources */ = {isa = PBXBuildFile; fileRef = A836999F1E82520F00B6C006 /* FPMacro.swift */; };
		A83699A81E82520F00B6C006 /* TimeMacro.swift in Sources */ = {isa = PBXBuildFile; fileRef = A83699A01E82520F00B6C006 /* TimeMacro.swift */; };
		A83699A91E82520F00B6C006 /* HtmlMacro.swift in Sources */ = {isa = PBXBuildFile; fileRef = A83699A11E82520F00B6C006 /* HtmlMacro.swift */; };
		A83699AD1E82523400B6C006 /* Alamofire+JSONDecodeKIT.swift in Sources */ = {isa = PBXBuildFile; fileRef = A83699AC1E82523400B6C006 /* Alamofire+JSONDecodeKIT.swift */; };
		A83699B31E8255E300B6C006 /* Alamofire.framework in Frameworks */ = {isa = PBXBuildFile; fileRef = A83699B01E8255E300B6C006 /* Alamofire.framework */; };
		A83699B41E8255E300B6C006 /* CryptoSwift.framework in Frameworks */ = {isa = PBXBuildFile; fileRef = A83699B11E8255E300B6C006 /* CryptoSwift.framework */; };
		A83699B51E8255E300B6C006 /* JSONDecodeKit.framework in Frameworks */ = {isa = PBXBuildFile; fileRef = A83699B21E8255E300B6C006 /* JSONDecodeKit.framework */; };
		A83699B91E8269AD00B6C006 /* Updater.swift in Sources */ = {isa = PBXBuildFile; fileRef = A83699B81E8269AD00B6C006 /* Updater.swift */; };
		A83699BE1E82760D00B6C006 /* VerticalLabel.swift in Sources */ = {isa = PBXBuildFile; fileRef = A83699BD1E82760D00B6C006 /* VerticalLabel.swift */; };
		A8E19C311E82488F000DE567 /* YumeKit.h in Headers */ = {isa = PBXBuildFile; fileRef = A8E19C2F1E82488F000DE567 /* YumeKit.h */; settings = {ATTRIBUTES = (Public, ); }; };
		A8E19C3D1E8249E1000DE567 /* NSExpressionDescriptionExtension.swift in Sources */ = {isa = PBXBuildFile; fileRef = A8E19C361E8249E1000DE567 /* NSExpressionDescriptionExtension.swift */; };
		A8E19C3F1E8249E1000DE567 /* NSNotificationCenterExtension.swift in Sources */ = {isa = PBXBuildFile; fileRef = A8E19C381E8249E1000DE567 /* NSNotificationCenterExtension.swift */; };
		A8E19C401E8249E1000DE567 /* StringExtension2.swift in Sources */ = {isa = PBXBuildFile; fileRef = A8E19C391E8249E1000DE567 /* StringExtension2.swift */; };
		A8E19C421E8249E1000DE567 /* CellExtension.swift in Sources */ = {isa = PBXBuildFile; fileRef = A8E19C3B1E8249E1000DE567 /* CellExtension.swift */; };
		A8E19C431E8249E1000DE567 /* UIImageExtension.swift in Sources */ = {isa = PBXBuildFile; fileRef = A8E19C3C1E8249E1000DE567 /* UIImageExtension.swift */; };
/* End PBXBuildFile section */

/* Begin PBXFileReference section */
		A836998C1E8251E400B6C006 /* NSFetchedResultsControllerExtension.swift */ = {isa = PBXFileReference; fileEncoding = 4; lastKnownFileType = sourcecode.swift; path = NSFetchedResultsControllerExtension.swift; sourceTree = "<group>"; };
		A836998D1E8251E400B6C006 /* NSManagedObjectExtension.swift */ = {isa = PBXFileReference; fileEncoding = 4; lastKnownFileType = sourcecode.swift; path = NSManagedObjectExtension.swift; sourceTree = "<group>"; };
		A836998E1E8251E400B6C006 /* NSPredicateExtension.swift */ = {isa = PBXFileReference; fileEncoding = 4; lastKnownFileType = sourcecode.swift; path = NSPredicateExtension.swift; sourceTree = "<group>"; };
		A836998F1E8251E400B6C006 /* SuperCoreDataStack.swift */ = {isa = PBXFileReference; fileEncoding = 4; lastKnownFileType = sourcecode.swift; path = SuperCoreDataStack.swift; sourceTree = "<group>"; };
		A83699901E8251E400B6C006 /* SuperFetchedResultsControllerDelegate.swift */ = {isa = PBXFileReference; fileEncoding = 4; lastKnownFileType = sourcecode.swift; path = SuperFetchedResultsControllerDelegate.swift; sourceTree = "<group>"; };
		A83699911E8251E400B6C006 /* SuperRecord_LICENSE */ = {isa = PBXFileReference; fileEncoding = 4; lastKnownFileType = text; path = SuperRecord_LICENSE; sourceTree = "<group>"; };
		A83699921E8251E400B6C006 /* FetchRequestExtension.swift */ = {isa = PBXFileReference; fileEncoding = 4; lastKnownFileType = sourcecode.swift; path = FetchRequestExtension.swift; sourceTree = "<group>"; };
		A836999B1E82520F00B6C006 /* Macro.swift */ = {isa = PBXFileReference; fileEncoding = 4; lastKnownFileType = sourcecode.swift; path = Macro.swift; sourceTree = "<group>"; };
		A836999C1E82520F00B6C006 /* RegularMacro.swift */ = {isa = PBXFileReference; fileEncoding = 4; lastKnownFileType = sourcecode.swift; path = RegularMacro.swift; sourceTree = "<group>"; };
		A836999D1E82520F00B6C006 /* MessageQueue.swift */ = {isa = PBXFileReference; fileEncoding = 4; lastKnownFileType = sourcecode.swift; path = MessageQueue.swift; sourceTree = "<group>"; };
		A836999F1E82520F00B6C006 /* FPMacro.swift */ = {isa = PBXFileReference; fileEncoding = 4; lastKnownFileType = sourcecode.swift; path = FPMacro.swift; sourceTree = "<group>"; };
		A83699A01E82520F00B6C006 /* TimeMacro.swift */ = {isa = PBXFileReference; fileEncoding = 4; lastKnownFileType = sourcecode.swift; path = TimeMacro.swift; sourceTree = "<group>"; };
		A83699A11E82520F00B6C006 /* HtmlMacro.swift */ = {isa = PBXFileReference; fileEncoding = 4; lastKnownFileType = sourcecode.swift; path = HtmlMacro.swift; sourceTree = "<group>"; };
		A83699AC1E82523400B6C006 /* Alamofire+JSONDecodeKIT.swift */ = {isa = PBXFileReference; fileEncoding = 4; lastKnownFileType = sourcecode.swift; path = "Alamofire+JSONDecodeKIT.swift"; sourceTree = "<group>"; };
		A83699B01E8255E300B6C006 /* Alamofire.framework */ = {isa = PBXFileReference; lastKnownFileType = wrapper.framework; name = Alamofire.framework; path = Carthage/Build/iOS/Alamofire.framework; sourceTree = "<group>"; };
		A83699B11E8255E300B6C006 /* CryptoSwift.framework */ = {isa = PBXFileReference; lastKnownFileType = wrapper.framework; name = CryptoSwift.framework; path = Carthage/Build/iOS/CryptoSwift.framework; sourceTree = "<group>"; };
		A83699B21E8255E300B6C006 /* JSONDecodeKit.framework */ = {isa = PBXFileReference; lastKnownFileType = wrapper.framework; name = JSONDecodeKit.framework; path = Carthage/Build/iOS/JSONDecodeKit.framework; sourceTree = "<group>"; };
		A83699B81E8269AD00B6C006 /* Updater.swift */ = {isa = PBXFileReference; fileEncoding = 4; lastKnownFileType = sourcecode.swift; path = Updater.swift; sourceTree = "<group>"; };
		A83699BD1E82760D00B6C006 /* VerticalLabel.swift */ = {isa = PBXFileReference; fileEncoding = 4; lastKnownFileType = sourcecode.swift; path = VerticalLabel.swift; sourceTree = "<group>"; };
		A8E19C2D1E82488F000DE567 /* YumeKit.framework */ = {isa = PBXFileReference; explicitFileType = wrapper.framework; includeInIndex = 0; path = YumeKit.framework; sourceTree = BUILT_PRODUCTS_DIR; };
		A8E19C2F1E82488F000DE567 /* YumeKit.h */ = {isa = PBXFileReference; lastKnownFileType = sourcecode.c.h; path = YumeKit.h; sourceTree = "<group>"; };
		A8E19C301E82488F000DE567 /* Info.plist */ = {isa = PBXFileReference; lastKnownFileType = text.plist.xml; path = Info.plist; sourceTree = "<group>"; };
		A8E19C361E8249E1000DE567 /* NSExpressionDescriptionExtension.swift */ = {isa = PBXFileReference; fileEncoding = 4; lastKnownFileType = sourcecode.swift; path = NSExpressionDescriptionExtension.swift; sourceTree = "<group>"; };
		A8E19C381E8249E1000DE567 /* NSNotificationCenterExtension.swift */ = {isa = PBXFileReference; fileEncoding = 4; lastKnownFileType = sourcecode.swift; path = NSNotificationCenterExtension.swift; sourceTree = "<group>"; };
		A8E19C391E8249E1000DE567 /* StringExtension2.swift */ = {isa = PBXFileReference; fileEncoding = 4; lastKnownFileType = sourcecode.swift; path = StringExtension2.swift; sourceTree = "<group>"; };
		A8E19C3B1E8249E1000DE567 /* CellExtension.swift */ = {isa = PBXFileReference; fileEncoding = 4; lastKnownFileType = sourcecode.swift; path = CellExtension.swift; sourceTree = "<group>"; };
		A8E19C3C1E8249E1000DE567 /* UIImageExtension.swift */ = {isa = PBXFileReference; fileEncoding = 4; lastKnownFileType = sourcecode.swift; path = UIImageExtension.swift; sourceTree = "<group>"; };
/* End PBXFileReference section */

/* Begin PBXFrameworksBuildPhase section */
		A8E19C291E82488F000DE567 /* Frameworks */ = {
			isa = PBXFrameworksBuildPhase;
			buildActionMask = 2147483647;
			files = (
				A83699B31E8255E300B6C006 /* Alamofire.framework in Frameworks */,
				A83699B41E8255E300B6C006 /* CryptoSwift.framework in Frameworks */,
				A83699B51E8255E300B6C006 /* JSONDecodeKit.framework in Frameworks */,
			);
			runOnlyForDeploymentPostprocessing = 0;
		};
/* End PBXFrameworksBuildPhase section */

/* Begin PBXGroup section */
		A836998B1E8251C800B6C006 /* SuperStack */ = {
			isa = PBXGroup;
			children = (
				A836998C1E8251E400B6C006 /* NSFetchedResultsControllerExtension.swift */,
				A836998D1E8251E400B6C006 /* NSManagedObjectExtension.swift */,
				A836998E1E8251E400B6C006 /* NSPredicateExtension.swift */,
				A836998F1E8251E400B6C006 /* SuperCoreDataStack.swift */,
				A83699901E8251E400B6C006 /* SuperFetchedResultsControllerDelegate.swift */,
				A83699911E8251E400B6C006 /* SuperRecord_LICENSE */,
				A83699921E8251E400B6C006 /* FetchRequestExtension.swift */,
			);
			name = SuperStack;
			sourceTree = "<group>";
		};
		A836999A1E82520200B6C006 /* Macro */ = {
			isa = PBXGroup;
			children = (
				A836999B1E82520F00B6C006 /* Macro.swift */,
				A836999C1E82520F00B6C006 /* RegularMacro.swift */,
				A836999D1E82520F00B6C006 /* MessageQueue.swift */,
				A836999F1E82520F00B6C006 /* FPMacro.swift */,
				A83699A01E82520F00B6C006 /* TimeMacro.swift */,
				A83699A11E82520F00B6C006 /* HtmlMacro.swift */,
			);
			name = Macro;
			sourceTree = "<group>";
		};
		A83699AB1E82522A00B6C006 /* Kit */ = {
			isa = PBXGroup;
			children = (
				A83699B81E8269AD00B6C006 /* Updater.swift */,
				A83699AC1E82523400B6C006 /* Alamofire+JSONDecodeKIT.swift */,
			);
			name = Kit;
			sourceTree = "<group>";
		};
		A83699AF1E8255E300B6C006 /* Frameworks */ = {
			isa = PBXGroup;
			children = (
				A83699B01E8255E300B6C006 /* Alamofire.framework */,
				A83699B11E8255E300B6C006 /* CryptoSwift.framework */,
				A83699B21E8255E300B6C006 /* JSONDecodeKit.framework */,
			);
			name = Frameworks;
			sourceTree = "<group>";
		};
		A83699BC1E8275FD00B6C006 /* View */ = {
			isa = PBXGroup;
			children = (
				A83699BD1E82760D00B6C006 /* VerticalLabel.swift */,
			);
			name = View;
			sourceTree = "<group>";
		};
		A8D3234C1E4817BD00EA3445 = {
			isa = PBXGroup;
			children = (
				A8E19C2E1E82488F000DE567 /* YumeKit */,
				A8D323561E4817BD00EA3445 /* Products */,
				A83699AF1E8255E300B6C006 /* Frameworks */,
			);
			sourceTree = "<group>";
		};
		A8D323561E4817BD00EA3445 /* Products */ = {
			isa = PBXGroup;
			children = (
				A8E19C2D1E82488F000DE567 /* YumeKit.framework */,
			);
			name = Products;
			sourceTree = "<group>";
		};
		A8E19C2E1E82488F000DE567 /* YumeKit */ = {
			isa = PBXGroup;
			children = (
				A83699BC1E8275FD00B6C006 /* View */,
				A83699AB1E82522A00B6C006 /* Kit */,
				A836999A1E82520200B6C006 /* Macro */,
				A836998B1E8251C800B6C006 /* SuperStack */,
				A8E19C351E8249A4000DE567 /* Extension */,
				A8E19C2F1E82488F000DE567 /* YumeKit.h */,
				A8E19C301E82488F000DE567 /* Info.plist */,
			);
			path = YumeKit;
			sourceTree = "<group>";
		};
		A8E19C351E8249A4000DE567 /* Extension */ = {
			isa = PBXGroup;
			children = (
				A8E19C361E8249E1000DE567 /* NSExpressionDescriptionExtension.swift */,
				A8E19C381E8249E1000DE567 /* NSNotificationCenterExtension.swift */,
				A8E19C391E8249E1000DE567 /* StringExtension2.swift */,
				A8E19C3B1E8249E1000DE567 /* CellExtension.swift */,
				A8E19C3C1E8249E1000DE567 /* UIImageExtension.swift */,
			);
			name = Extension;
			sourceTree = "<group>";
		};
/* End PBXGroup section */

/* Begin PBXHeadersBuildPhase section */
		A8E19C2A1E82488F000DE567 /* Headers */ = {
			isa = PBXHeadersBuildPhase;
			buildActionMask = 2147483647;
			files = (
				A8E19C311E82488F000DE567 /* YumeKit.h in Headers */,
			);
			runOnlyForDeploymentPostprocessing = 0;
		};
/* End PBXHeadersBuildPhase section */

/* Begin PBXNativeTarget section */
		A8E19C2C1E82488F000DE567 /* YumeKit */ = {
			isa = PBXNativeTarget;
			buildConfigurationList = A8E19C321E82488F000DE567 /* Build configuration list for PBXNativeTarget "YumeKit" */;
			buildPhases = (
				A8E19C281E82488F000DE567 /* Sources */,
				A8E19C291E82488F000DE567 /* Frameworks */,
				A8E19C2A1E82488F000DE567 /* Headers */,
				A8E19C2B1E82488F000DE567 /* Resources */,
				A83699AE1E82525500B6C006 /* Carthage */,
			);
			buildRules = (
			);
			dependencies = (
			);
			name = YumeKit;
			productName = YumeKit;
			productReference = A8E19C2D1E82488F000DE567 /* YumeKit.framework */;
			productType = "com.apple.product-type.framework";
		};
/* End PBXNativeTarget section */

/* Begin PBXProject section */
		A8D3234D1E4817BD00EA3445 /* Project object */ = {
			isa = PBXProject;
			attributes = {
				LastSwiftUpdateCheck = 0820;
				LastUpgradeCheck = 0820;
				ORGANIZATIONNAME = Yume;
				TargetAttributes = {
					A8E19C2C1E82488F000DE567 = {
						CreatedOnToolsVersion = 8.2.1;
						DevelopmentTeam = 37MR9UKGT4;
						LastSwiftMigration = 0820;
						ProvisioningStyle = Automatic;
					};
				};
			};
			buildConfigurationList = A8D323501E4817BD00EA3445 /* Build configuration list for PBXProject "YumeKit" */;
			compatibilityVersion = "Xcode 3.2";
			developmentRegion = English;
			hasScannedForEncodings = 0;
			knownRegions = (
				en,
				Base,
			);
			mainGroup = A8D3234C1E4817BD00EA3445;
			productRefGroup = A8D323561E4817BD00EA3445 /* Products */;
			projectDirPath = "";
			projectRoot = "";
			targets = (
				A8E19C2C1E82488F000DE567 /* YumeKit */,
			);
		};
/* End PBXProject section */

/* Begin PBXResourcesBuildPhase section */
		A8E19C2B1E82488F000DE567 /* Resources */ = {
			isa = PBXResourcesBuildPhase;
			buildActionMask = 2147483647;
			files = (
				A83699981E8251E400B6C006 /* SuperRecord_LICENSE in Resources */,
			);
			runOnlyForDeploymentPostprocessing = 0;
		};
/* End PBXResourcesBuildPhase section */

/* Begin PBXShellScriptBuildPhase section */
		A83699AE1E82525500B6C006 /* Carthage */ = {
			isa = PBXShellScriptBuildPhase;
			buildActionMask = 2147483647;
			files = (
			);
			inputPaths = (
				"$(SRCROOT)/Carthage/Build/iOS/JSONDecodeKit.framework",
				"$(SRCROOT)/Carthage/Build/iOS/Alamofire.framework",
				"$(SRCROOT)/Carthage/Build/iOS/CryptoSwift.framework",
			);
			name = Carthage;
			outputPaths = (
			);
			runOnlyForDeploymentPostprocessing = 0;
			shellPath = /bin/sh;
			shellScript = "/usr/local/bin/carthage copy-frameworks";
		};
/* End PBXShellScriptBuildPhase section */

/* Begin PBXSourcesBuildPhase section */
		A8E19C281E82488F000DE567 /* Sources */ = {
			isa = PBXSourcesBuildPhase;
			buildActionMask = 2147483647;
			files = (
				A83699A71E82520F00B6C006 /* FPMacro.swift in Sources */,
				A8E19C3D1E8249E1000DE567 /* NSExpressionDescriptionExtension.swift in Sources */,
				A8E19C431E8249E1000DE567 /* UIImageExtension.swift in Sources */,
				A8E19C3F1E8249E1000DE567 /* NSNotificationCenterExtension.swift in Sources */,
				A83699931E8251E400B6C006 /* NSFetchedResultsControllerExtension.swift in Sources */,
				A83699A91E82520F00B6C006 /* HtmlMacro.swift in Sources */,
				A83699A31E82520F00B6C006 /* Macro.swift in Sources */,
				A83699A51E82520F00B6C006 /* MessageQueue.swift in Sources */,
				A83699A81E82520F00B6C006 /* TimeMacro.swift in Sources */,
				A83699961E8251E400B6C006 /* SuperCoreDataStack.swift in Sources */,
				A83699971E8251E400B6C006 /* SuperFetchedResultsControllerDelegate.swift in Sources */,
				A83699B91E8269AD00B6C006 /* Updater.swift in Sources */,
				A83699951E8251E400B6C006 /* NSPredicateExtension.swift in Sources */,
				A83699991E8251E400B6C006 /* FetchRequestExtension.swift in Sources */,
				A8E19C401E8249E1000DE567 /* StringExtension2.swift in Sources */,
				A83699A41E82520F00B6C006 /* RegularMacro.swift in Sources */,
				A83699BE1E82760D00B6C006 /* VerticalLabel.swift in Sources */,
				A83699941E8251E400B6C006 /* NSManagedObjectExtension.swift in Sources */,
				A83699AD1E82523400B6C006 /* Alamofire+JSONDecodeKIT.swift in Sources */,
				A8E19C421E8249E1000DE567 /* CellExtension.swift in Sources */,
			);
			runOnlyForDeploymentPostprocessing = 0;
		};
/* End PBXSourcesBuildPhase section */

/* Begin XCBuildConfiguration section */
		A8D323651E4817BD00EA3445 /* Debug */ = {
			isa = XCBuildConfiguration;
			buildSettings = {
				ALWAYS_SEARCH_USER_PATHS = NO;
				CLANG_ANALYZER_NONNULL = YES;
				CLANG_CXX_LANGUAGE_STANDARD = "gnu++0x";
				CLANG_CXX_LIBRARY = "libc++";
				CLANG_ENABLE_MODULES = YES;
				CLANG_ENABLE_OBJC_ARC = YES;
				CLANG_WARN_BOOL_CONVERSION = YES;
				CLANG_WARN_CONSTANT_CONVERSION = YES;
				CLANG_WARN_DIRECT_OBJC_ISA_USAGE = YES_ERROR;
				CLANG_WARN_DOCUMENTATION_COMMENTS = YES;
				CLANG_WARN_EMPTY_BODY = YES;
				CLANG_WARN_ENUM_CONVERSION = YES;
				CLANG_WARN_INFINITE_RECURSION = YES;
				CLANG_WARN_INT_CONVERSION = YES;
				CLANG_WARN_OBJC_ROOT_CLASS = YES_ERROR;
				CLANG_WARN_SUSPICIOUS_MOVE = YES;
				CLANG_WARN_UNREACHABLE_CODE = YES;
				CLANG_WARN__DUPLICATE_METHOD_MATCH = YES;
				"CODE_SIGN_IDENTITY[sdk=iphoneos*]" = "iPhone Developer";
				COPY_PHASE_STRIP = NO;
				DEBUG_INFORMATION_FORMAT = dwarf;
				ENABLE_STRICT_OBJC_MSGSEND = YES;
				ENABLE_TESTABILITY = YES;
				GCC_C_LANGUAGE_STANDARD = gnu99;
				GCC_DYNAMIC_NO_PIC = NO;
				GCC_NO_COMMON_BLOCKS = YES;
				GCC_OPTIMIZATION_LEVEL = 0;
				GCC_PREPROCESSOR_DEFINITIONS = (
					"DEBUG=1",
					"$(inherited)",
				);
				GCC_WARN_64_TO_32_BIT_CONVERSION = YES;
				GCC_WARN_ABOUT_RETURN_TYPE = YES_ERROR;
				GCC_WARN_UNDECLARED_SELECTOR = YES;
				GCC_WARN_UNINITIALIZED_AUTOS = YES_AGGRESSIVE;
				GCC_WARN_UNUSED_FUNCTION = YES;
				GCC_WARN_UNUSED_VARIABLE = YES;
				IPHONEOS_DEPLOYMENT_TARGET = 10.2;
				MTL_ENABLE_DEBUG_INFO = YES;
				ONLY_ACTIVE_ARCH = YES;
				SDKROOT = iphoneos;
				SWIFT_ACTIVE_COMPILATION_CONDITIONS = DEBUG;
				SWIFT_OPTIMIZATION_LEVEL = "-Onone";
				TARGETED_DEVICE_FAMILY = "1,2";
			};
			name = Debug;
		};
		A8D323661E4817BD00EA3445 /* Release */ = {
			isa = XCBuildConfiguration;
			buildSettings = {
				ALWAYS_SEARCH_USER_PATHS = NO;
				CLANG_ANALYZER_NONNULL = YES;
				CLANG_CXX_LANGUAGE_STANDARD = "gnu++0x";
				CLANG_CXX_LIBRARY = "libc++";
				CLANG_ENABLE_MODULES = YES;
				CLANG_ENABLE_OBJC_ARC = YES;
				CLANG_WARN_BOOL_CONVERSION = YES;
				CLANG_WARN_CONSTANT_CONVERSION = YES;
				CLANG_WARN_DIRECT_OBJC_ISA_USAGE = YES_ERROR;
				CLANG_WARN_DOCUMENTATION_COMMENTS = YES;
				CLANG_WARN_EMPTY_BODY = YES;
				CLANG_WARN_ENUM_CONVERSION = YES;
				CLANG_WARN_INFINITE_RECURSION = YES;
				CLANG_WARN_INT_CONVERSION = YES;
				CLANG_WARN_OBJC_ROOT_CLASS = YES_ERROR;
				CLANG_WARN_SUSPICIOUS_MOVE = YES;
				CLANG_WARN_UNREACHABLE_CODE = YES;
				CLANG_WARN__DUPLICATE_METHOD_MATCH = YES;
				"CODE_SIGN_IDENTITY[sdk=iphoneos*]" = "iPhone Developer";
				COPY_PHASE_STRIP = NO;
				DEBUG_INFORMATION_FORMAT = "dwarf-with-dsym";
				ENABLE_NS_ASSERTIONS = NO;
				ENABLE_STRICT_OBJC_MSGSEND = YES;
				GCC_C_LANGUAGE_STANDARD = gnu99;
				GCC_NO_COMMON_BLOCKS = YES;
				GCC_WARN_64_TO_32_BIT_CONVERSION = YES;
				GCC_WARN_ABOUT_RETURN_TYPE = YES_ERROR;
				GCC_WARN_UNDECLARED_SELECTOR = YES;
				GCC_WARN_UNINITIALIZED_AUTOS = YES_AGGRESSIVE;
				GCC_WARN_UNUSED_FUNCTION = YES;
				GCC_WARN_UNUSED_VARIABLE = YES;
				IPHONEOS_DEPLOYMENT_TARGET = 10.2;
				MTL_ENABLE_DEBUG_INFO = NO;
				SDKROOT = iphoneos;
				SWIFT_OPTIMIZATION_LEVEL = "-Owholemodule";
				TARGETED_DEVICE_FAMILY = "1,2";
				VALIDATE_PRODUCT = YES;
			};
			name = Release;
		};
		A8E19C331E82488F000DE567 /* Debug */ = {
			isa = XCBuildConfiguration;
			buildSettings = {
				CLANG_ENABLE_MODULES = YES;
				CODE_SIGN_IDENTITY = "";
				CURRENT_PROJECT_VERSION = 1;
				DEFINES_MODULE = YES;
				DEVELOPMENT_TEAM = 37MR9UKGT4;
				DYLIB_COMPATIBILITY_VERSION = 1;
				DYLIB_CURRENT_VERSION = 1;
				DYLIB_INSTALL_NAME_BASE = "@rpath";
				FRAMEWORK_SEARCH_PATHS = (
					"$(inherited)",
					"$(PROJECT_DIR)/Carthage/Build/iOS",
				);
				INFOPLIST_FILE = YumeKit/Info.plist;
				INSTALL_PATH = "$(LOCAL_LIBRARY_DIR)/Frameworks";
				IPHONEOS_DEPLOYMENT_TARGET = 9.0;
				LD_RUNPATH_SEARCH_PATHS = "$(inherited) @executable_path/Frameworks @loader_path/Frameworks";
				PRODUCT_BUNDLE_IDENTIFIER = com.yume190.YumeKit;
				PRODUCT_NAME = "$(TARGET_NAME)";
				SKIP_INSTALL = YES;
				SWIFT_OBJC_BRIDGING_HEADER = "";
				SWIFT_OPTIMIZATION_LEVEL = "-Onone";
				SWIFT_VERSION = 3.0;
				VERSIONING_SYSTEM = "apple-generic";
				VERSION_INFO_PREFIX = "";
			};
			name = Debug;
		};
		A8E19C341E82488F000DE567 /* Release */ = {
			isa = XCBuildConfiguration;
			buildSettings = {
				CLANG_ENABLE_MODULES = YES;
				CODE_SIGN_IDENTITY = "";
				CURRENT_PROJECT_VERSION = 1;
				DEFINES_MODULE = YES;
				DEVELOPMENT_TEAM = 37MR9UKGT4;
				DYLIB_COMPATIBILITY_VERSION = 1;
				DYLIB_CURRENT_VERSION = 1;
				DYLIB_INSTALL_NAME_BASE = "@rpath";
				FRAMEWORK_SEARCH_PATHS = (
					"$(inherited)",
					"$(PROJECT_DIR)/Carthage/Build/iOS",
				);
				INFOPLIST_FILE = YumeKit/Info.plist;
				INSTALL_PATH = "$(LOCAL_LIBRARY_DIR)/Frameworks";
				IPHONEOS_DEPLOYMENT_TARGET = 9.0;
				LD_RUNPATH_SEARCH_PATHS = "$(inherited) @executable_path/Frameworks @loader_path/Frameworks";
				PRODUCT_BUNDLE_IDENTIFIER = com.yume190.YumeKit;
				PRODUCT_NAME = "$(TARGET_NAME)";
				SKIP_INSTALL = YES;
				SWIFT_OBJC_BRIDGING_HEADER = "";
				SWIFT_VERSION = 3.0;
				VERSIONING_SYSTEM = "apple-generic";
				VERSION_INFO_PREFIX = "";
			};
			name = Release;
		};
/* End XCBuildConfiguration section */

/* Begin XCConfigurationList section */
		A8D323501E4817BD00EA3445 /* Build configuration list for PBXProject "YumeKit" */ = {
			isa = XCConfigurationList;
			buildConfigurations = (
				A8D323651E4817BD00EA3445 /* Debug */,
				A8D323661E4817BD00EA3445 /* Release */,
			);
			defaultConfigurationIsVisible = 0;
			defaultConfigurationName = Release;
		};
		A8E19C321E82488F000DE567 /* Build configuration list for PBXNativeTarget "YumeKit" */ = {
			isa = XCConfigurationList;
			buildConfigurations = (
				A8E19C331E82488F000DE567 /* Debug */,
				A8E19C341E82488F000DE567 /* Release */,
			);
			defaultConfigurationIsVisible = 0;
			defaultConfigurationName = Release;
		};
/* End XCConfigurationList section */
	};
	rootObject = A8D3234D1E4817BD00EA3445 /* Project object */;
}
